
Microsoft Visual Studio Solution File, Format Version 12.00
# Visual Studio Version 17
VisualStudioVersion = 17.1.32421.90
MinimumVisualStudioVersion = 10.0.40219.1
Project("{FAE04EC0-301F-11D3-BF4B-00C04F79EFBC}") = "ATMCounter", "ATMCounter\ATMCounter.csproj", "{31EEAB77-F8B0-46BB-BE14-EEE7643CA40D}"
EndProject
Global
	GlobalSection(SolutionConfigurationPlatforms) = preSolution
		Debug|Any CPU = Debug|Any CPU
		Release|Any CPU = Release|Any CPU
	EndGlobalSection
	GlobalSection(ProjectConfigurationPlatforms) = postSolution
		{31EEAB77-F8B0-46BB-BE14-EEE7643CA40D}.Debug|Any CPU.ActiveCfg = Debug|Any CPU
		{31EEAB77-F8B0-46BB-BE14-EEE7643CA40D}.Debug|Any CPU.Build.0 = Debug|Any CPU
		{31EEAB77-F8B0-46BB-BE14-EEE7643CA40D}.Release|Any CPU.ActiveCfg = Release|Any CPU
		{31EEAB77-F8B0-46BB-BE14-EEE7643CA40D}.Release|Any CPU.Build.0 = Release|Any CPU
	EndGlobalSection
	GlobalSection(SolutionProperties) = preSolution
		HideSolutionNode = FALSE
	EndGlobalSection
	GlobalSection(ExtensibilityGlobals) = postSolution
		SolutionGuid = {A5ED85FE-6EB5-4F98-8F78-ED57CD7A303D}
	EndGlobalSection
EndGlobal
